
Microsoft Visual Studio Solution File, Format Version 12.00
# Visual Studio 15
VisualStudioVersion = 15.0.25928.0
MinimumVisualStudioVersion = 10.0.40219.1
Project("{9A19103F-16F7-4668-BE54-9A1E7A4F7556}") = "ts16demoX", "ts16demoX\ts16demoX.csproj", "{737E11A4-EB4E-475A-8DBE-DE88CBBCBE19}"
EndProject
Project("{D954291E-2A0B-460D-934E-DC6B0785DB48}") = "ts16mobile", "ts16mobile\ts16mobile.shproj", "{EAE540B9-F477-4772-8463-CA72598A22E5}"
EndProject
Project("{FAE04EC0-301F-11D3-BF4B-00C04F79EFBC}") = "ts16mobile.Droid", "ts16mobile.Droid\ts16mobile.Droid.csproj", "{FDC7E14A-94E5-49BE-AAEE-7701560769CE}"
EndProject
Project("{FAE04EC0-301F-11D3-BF4B-00C04F79EFBC}") = "ts16mobile.iOS", "ts16mobile.iOS\ts16mobile.iOS.csproj", "{23207279-6DC0-4838-B739-342B630B459C}"
EndProject
Project("{FAE04EC0-301F-11D3-BF4B-00C04F79EFBC}") = "ts16mobile.UWP", "ts16mobile.UWP\ts16mobile.UWP.csproj", "{7E3EFC00-3F89-4447-A1E7-63DC27485DF8}"
EndProject
Project("{FAE04EC0-301F-11D3-BF4B-00C04F79EFBC}") = "ts16corelib", "ts16corelib\ts16corelib.csproj", "{E6571097-E7B4-4856-909A-9B6A0EEAB33E}"
EndProject
Global
	GlobalSection(SharedMSBuildProjectFiles) = preSolution
		ts16mobile\ts16mobile.projitems*{23207279-6dc0-4838-b739-342b630b459c}*SharedItemsImports = 4
		ts16mobile\ts16mobile.projitems*{7e3efc00-3f89-4447-a1e7-63dc27485df8}*SharedItemsImports = 4
		ts16mobile\ts16mobile.projitems*{eae540b9-f477-4772-8463-ca72598a22e5}*SharedItemsImports = 13
		ts16mobile\ts16mobile.projitems*{fdc7e14a-94e5-49be-aaee-7701560769ce}*SharedItemsImports = 4
	EndGlobalSection
	GlobalSection(SolutionConfigurationPlatforms) = preSolution
		Ad-Hoc|Any CPU = Ad-Hoc|Any CPU
		Ad-Hoc|ARM = Ad-Hoc|ARM
		Ad-Hoc|iPhone = Ad-Hoc|iPhone
		Ad-Hoc|iPhoneSimulator = Ad-Hoc|iPhoneSimulator
		Ad-Hoc|x64 = Ad-Hoc|x64
		Ad-Hoc|x86 = Ad-Hoc|x86
		AppStore|Any CPU = AppStore|Any CPU
		AppStore|ARM = AppStore|ARM
		AppStore|iPhone = AppStore|iPhone
		AppStore|iPhoneSimulator = AppStore|iPhoneSimulator
		AppStore|x64 = AppStore|x64
		AppStore|x86 = AppStore|x86
		Debug|Any CPU = Debug|Any CPU
		Debug|ARM = Debug|ARM
		Debug|iPhone = Debug|iPhone
		Debug|iPhoneSimulator = Debug|iPhoneSimulator
		Debug|x64 = Debug|x64
		Debug|x86 = Debug|x86
		Release|Any CPU = Release|Any CPU
		Release|ARM = Release|ARM
		Release|iPhone = Release|iPhone
		Release|iPhoneSimulator = Release|iPhoneSimulator
		Release|x64 = Release|x64
		Release|x86 = Release|x86
	EndGlobalSection
	GlobalSection(ProjectConfigurationPlatforms) = postSolution
		{737E11A4-EB4E-475A-8DBE-DE88CBBCBE19}.Ad-Hoc|Any CPU.ActiveCfg = Release|Any CPU
		{737E11A4-EB4E-475A-8DBE-DE88CBBCBE19}.Ad-Hoc|Any CPU.Build.0 = Release|Any CPU
		{737E11A4-EB4E-475A-8DBE-DE88CBBCBE19}.Ad-Hoc|ARM.ActiveCfg = Release|Any CPU
		{737E11A4-EB4E-475A-8DBE-DE88CBBCBE19}.Ad-Hoc|ARM.Build.0 = Release|Any CPU
		{737E11A4-EB4E-475A-8DBE-DE88CBBCBE19}.Ad-Hoc|iPhone.ActiveCfg = Release|Any CPU
		{737E11A4-EB4E-475A-8DBE-DE88CBBCBE19}.Ad-Hoc|iPhone.Build.0 = Release|Any CPU
		{737E11A4-EB4E-475A-8DBE-DE88CBBCBE19}.Ad-Hoc|iPhoneSimulator.ActiveCfg = Release|Any CPU
		{737E11A4-EB4E-475A-8DBE-DE88CBBCBE19}.Ad-Hoc|iPhoneSimulator.Build.0 = Release|Any CPU
		{737E11A4-EB4E-475A-8DBE-DE88CBBCBE19}.Ad-Hoc|x64.ActiveCfg = Release|x64
		{737E11A4-EB4E-475A-8DBE-DE88CBBCBE19}.Ad-Hoc|x64.Build.0 = Release|x64
		{737E11A4-EB4E-475A-8DBE-DE88CBBCBE19}.Ad-Hoc|x86.ActiveCfg = Release|x86
		{737E11A4-EB4E-475A-8DBE-DE88CBBCBE19}.Ad-Hoc|x86.Build.0 = Release|x86
		{737E11A4-EB4E-475A-8DBE-DE88CBBCBE19}.AppStore|Any CPU.ActiveCfg = Release|Any CPU
		{737E11A4-EB4E-475A-8DBE-DE88CBBCBE19}.AppStore|Any CPU.Build.0 = Release|Any CPU
		{737E11A4-EB4E-475A-8DBE-DE88CBBCBE19}.AppStore|ARM.ActiveCfg = Release|Any CPU
		{737E11A4-EB4E-475A-8DBE-DE88CBBCBE19}.AppStore|ARM.Build.0 = Release|Any CPU
		{737E11A4-EB4E-475A-8DBE-DE88CBBCBE19}.AppStore|iPhone.ActiveCfg = Release|Any CPU
		{737E11A4-EB4E-475A-8DBE-DE88CBBCBE19}.AppStore|iPhone.Build.0 = Release|Any CPU
		{737E11A4-EB4E-475A-8DBE-DE88CBBCBE19}.AppStore|iPhoneSimulator.ActiveCfg = Release|Any CPU
		{737E11A4-EB4E-475A-8DBE-DE88CBBCBE19}.AppStore|iPhoneSimulator.Build.0 = Release|Any CPU
		{737E11A4-EB4E-475A-8DBE-DE88CBBCBE19}.AppStore|x64.ActiveCfg = Release|x64
		{737E11A4-EB4E-475A-8DBE-DE88CBBCBE19}.AppStore|x64.Build.0 = Release|x64
		{737E11A4-EB4E-475A-8DBE-DE88CBBCBE19}.AppStore|x86.ActiveCfg = Release|x86
		{737E11A4-EB4E-475A-8DBE-DE88CBBCBE19}.AppStore|x86.Build.0 = Release|x86
		{737E11A4-EB4E-475A-8DBE-DE88CBBCBE19}.Debug|Any CPU.ActiveCfg = Debug|Any CPU
		{737E11A4-EB4E-475A-8DBE-DE88CBBCBE19}.Debug|Any CPU.Build.0 = Debug|Any CPU
		{737E11A4-EB4E-475A-8DBE-DE88CBBCBE19}.Debug|ARM.ActiveCfg = Debug|Any CPU
		{737E11A4-EB4E-475A-8DBE-DE88CBBCBE19}.Debug|ARM.Build.0 = Debug|Any CPU
		{737E11A4-EB4E-475A-8DBE-DE88CBBCBE19}.Debug|iPhone.ActiveCfg = Debug|Any CPU
		{737E11A4-EB4E-475A-8DBE-DE88CBBCBE19}.Debug|iPhone.Build.0 = Debug|Any CPU
		{737E11A4-EB4E-475A-8DBE-DE88CBBCBE19}.Debug|iPhoneSimulator.ActiveCfg = Debug|Any CPU
		{737E11A4-EB4E-475A-8DBE-DE88CBBCBE19}.Debug|iPhoneSimulator.Build.0 = Debug|Any CPU
		{737E11A4-EB4E-475A-8DBE-DE88CBBCBE19}.Debug|x64.ActiveCfg = Debug|x64
		{737E11A4-EB4E-475A-8DBE-DE88CBBCBE19}.Debug|x64.Build.0 = Debug|x64
		{737E11A4-EB4E-475A-8DBE-DE88CBBCBE19}.Debug|x86.ActiveCfg = Debug|x86
		{737E11A4-EB4E-475A-8DBE-DE88CBBCBE19}.Debug|x86.Build.0 = Debug|x86
		{737E11A4-EB4E-475A-8DBE-DE88CBBCBE19}.Release|Any CPU.ActiveCfg = Release|Any CPU
		{737E11A4-EB4E-475A-8DBE-DE88CBBCBE19}.Release|Any CPU.Build.0 = Release|Any CPU
		{737E11A4-EB4E-475A-8DBE-DE88CBBCBE19}.Release|ARM.ActiveCfg = Release|Any CPU
		{737E11A4-EB4E-475A-8DBE-DE88CBBCBE19}.Release|ARM.Build.0 = Release|Any CPU
		{737E11A4-EB4E-475A-8DBE-DE88CBBCBE19}.Release|iPhone.ActiveCfg = Release|Any CPU
		{737E11A4-EB4E-475A-8DBE-DE88CBBCBE19}.Release|iPhone.Build.0 = Release|Any CPU
		{737E11A4-EB4E-475A-8DBE-DE88CBBCBE19}.Release|iPhoneSimulator.ActiveCfg = Release|Any CPU
		{737E11A4-EB4E-475A-8DBE-DE88CBBCBE19}.Release|iPhoneSimulator.Build.0 = Release|Any CPU
		{737E11A4-EB4E-475A-8DBE-DE88CBBCBE19}.Release|x64.ActiveCfg = Release|x64
		{737E11A4-EB4E-475A-8DBE-DE88CBBCBE19}.Release|x64.Build.0 = Release|x64
		{737E11A4-EB4E-475A-8DBE-DE88CBBCBE19}.Release|x86.ActiveCfg = Release|x86
		{737E11A4-EB4E-475A-8DBE-DE88CBBCBE19}.Release|x86.Build.0 = Release|x86
		{FDC7E14A-94E5-49BE-AAEE-7701560769CE}.Ad-Hoc|Any CPU.ActiveCfg = Release|Any CPU
		{FDC7E14A-94E5-49BE-AAEE-7701560769CE}.Ad-Hoc|Any CPU.Build.0 = Release|Any CPU
		{FDC7E14A-94E5-49BE-AAEE-7701560769CE}.Ad-Hoc|Any CPU.Deploy.0 = Release|Any CPU
		{FDC7E14A-94E5-49BE-AAEE-7701560769CE}.Ad-Hoc|ARM.ActiveCfg = Release|Any CPU
		{FDC7E14A-94E5-49BE-AAEE-7701560769CE}.Ad-Hoc|ARM.Build.0 = Release|Any CPU
		{FDC7E14A-94E5-49BE-AAEE-7701560769CE}.Ad-Hoc|ARM.Deploy.0 = Release|Any CPU
		{FDC7E14A-94E5-49BE-AAEE-7701560769CE}.Ad-Hoc|iPhone.ActiveCfg = Release|Any CPU
		{FDC7E14A-94E5-49BE-AAEE-7701560769CE}.Ad-Hoc|iPhone.Build.0 = Release|Any CPU
		{FDC7E14A-94E5-49BE-AAEE-7701560769CE}.Ad-Hoc|iPhone.Deploy.0 = Release|Any CPU
		{FDC7E14A-94E5-49BE-AAEE-7701560769CE}.Ad-Hoc|iPhoneSimulator.ActiveCfg = Release|Any CPU
		{FDC7E14A-94E5-49BE-AAEE-7701560769CE}.Ad-Hoc|iPhoneSimulator.Build.0 = Release|Any CPU
		{FDC7E14A-94E5-49BE-AAEE-7701560769CE}.Ad-Hoc|iPhoneSimulator.Deploy.0 = Release|Any CPU
		{FDC7E14A-94E5-49BE-AAEE-7701560769CE}.Ad-Hoc|x64.ActiveCfg = Release|Any CPU
		{FDC7E14A-94E5-49BE-AAEE-7701560769CE}.Ad-Hoc|x64.Build.0 = Release|Any CPU
		{FDC7E14A-94E5-49BE-AAEE-7701560769CE}.Ad-Hoc|x64.Deploy.0 = Release|Any CPU
		{FDC7E14A-94E5-49BE-AAEE-7701560769CE}.Ad-Hoc|x86.ActiveCfg = Release|Any CPU
		{FDC7E14A-94E5-49BE-AAEE-7701560769CE}.Ad-Hoc|x86.Build.0 = Release|Any CPU
		{FDC7E14A-94E5-49BE-AAEE-7701560769CE}.Ad-Hoc|x86.Deploy.0 = Release|Any CPU
		{FDC7E14A-94E5-49BE-AAEE-7701560769CE}.AppStore|Any CPU.ActiveCfg = Release|Any CPU
		{FDC7E14A-94E5-49BE-AAEE-7701560769CE}.AppStore|Any CPU.Build.0 = Release|Any CPU
		{FDC7E14A-94E5-49BE-AAEE-7701560769CE}.AppStore|Any CPU.Deploy.0 = Release|Any CPU
		{FDC7E14A-94E5-49BE-AAEE-7701560769CE}.AppStore|ARM.ActiveCfg = Release|Any CPU
		{FDC7E14A-94E5-49BE-AAEE-7701560769CE}.AppStore|ARM.Build.0 = Release|Any CPU
		{FDC7E14A-94E5-49BE-AAEE-7701560769CE}.AppStore|ARM.Deploy.0 = Release|Any CPU
		{FDC7E14A-94E5-49BE-AAEE-7701560769CE}.AppStore|iPhone.ActiveCfg = Release|Any CPU
		{FDC7E14A-94E5-49BE-AAEE-7701560769CE}.AppStore|iPhone.Build.0 = Release|Any CPU
		{FDC7E14A-94E5-49BE-AAEE-7701560769CE}.AppStore|iPhone.Deploy.0 = Release|Any CPU
		{FDC7E14A-94E5-49BE-AAEE-7701560769CE}.AppStore|iPhoneSimulator.ActiveCfg = Release|Any CPU
		{FDC7E14A-94E5-49BE-AAEE-7701560769CE}.AppStore|iPhoneSimulator.Build.0 = Release|Any CPU
		{FDC7E14A-94E5-49BE-AAEE-7701560769CE}.AppStore|iPhoneSimulator.Deploy.0 = Release|Any CPU
		{FDC7E14A-94E5-49BE-AAEE-7701560769CE}.AppStore|x64.ActiveCfg = Release|Any CPU
		{FDC7E14A-94E5-49BE-AAEE-7701560769CE}.AppStore|x64.Build.0 = Release|Any CPU
		{FDC7E14A-94E5-49BE-AAEE-7701560769CE}.AppStore|x64.Deploy.0 = Release|Any CPU
		{FDC7E14A-94E5-49BE-AAEE-7701560769CE}.AppStore|x86.ActiveCfg = Release|Any CPU
		{FDC7E14A-94E5-49BE-AAEE-7701560769CE}.AppStore|x86.Build.0 = Release|Any CPU
		{FDC7E14A-94E5-49BE-AAEE-7701560769CE}.AppStore|x86.Deploy.0 = Release|Any CPU
		{FDC7E14A-94E5-49BE-AAEE-7701560769CE}.Debug|Any CPU.ActiveCfg = Debug|Any CPU
		{FDC7E14A-94E5-49BE-AAEE-7701560769CE}.Debug|Any CPU.Build.0 = Debug|Any CPU
		{FDC7E14A-94E5-49BE-AAEE-7701560769CE}.Debug|Any CPU.Deploy.0 = Debug|Any CPU
		{FDC7E14A-94E5-49BE-AAEE-7701560769CE}.Debug|ARM.ActiveCfg = Debug|Any CPU
		{FDC7E14A-94E5-49BE-AAEE-7701560769CE}.Debug|ARM.Build.0 = Debug|Any CPU
		{FDC7E14A-94E5-49BE-AAEE-7701560769CE}.Debug|ARM.Deploy.0 = Debug|Any CPU
		{FDC7E14A-94E5-49BE-AAEE-7701560769CE}.Debug|iPhone.ActiveCfg = Debug|Any CPU
		{FDC7E14A-94E5-49BE-AAEE-7701560769CE}.Debug|iPhone.Build.0 = Debug|Any CPU
		{FDC7E14A-94E5-49BE-AAEE-7701560769CE}.Debug|iPhone.Deploy.0 = Debug|Any CPU
		{FDC7E14A-94E5-49BE-AAEE-7701560769CE}.Debug|iPhoneSimulator.ActiveCfg = Debug|Any CPU
		{FDC7E14A-94E5-49BE-AAEE-7701560769CE}.Debug|iPhoneSimulator.Build.0 = Debug|Any CPU
		{FDC7E14A-94E5-49BE-AAEE-7701560769CE}.Debug|iPhoneSimulator.Deploy.0 = Debug|Any CPU
		{FDC7E14A-94E5-49BE-AAEE-7701560769CE}.Debug|x64.ActiveCfg = Debug|Any CPU
		{FDC7E14A-94E5-49BE-AAEE-7701560769CE}.Debug|x64.Build.0 = Debug|Any CPU
		{FDC7E14A-94E5-49BE-AAEE-7701560769CE}.Debug|x64.Deploy.0 = Debug|Any CPU
		{FDC7E14A-94E5-49BE-AAEE-7701560769CE}.Debug|x86.ActiveCfg = Debug|Any CPU
		{FDC7E14A-94E5-49BE-AAEE-7701560769CE}.Debug|x86.Build.0 = Debug|Any CPU
		{FDC7E14A-94E5-49BE-AAEE-7701560769CE}.Debug|x86.Deploy.0 = Debug|Any CPU
		{FDC7E14A-94E5-49BE-AAEE-7701560769CE}.Release|Any CPU.ActiveCfg = Release|Any CPU
		{FDC7E14A-94E5-49BE-AAEE-7701560769CE}.Release|Any CPU.Build.0 = Release|Any CPU
		{FDC7E14A-94E5-49BE-AAEE-7701560769CE}.Release|Any CPU.Deploy.0 = Release|Any CPU
		{FDC7E14A-94E5-49BE-AAEE-7701560769CE}.Release|ARM.ActiveCfg = Release|Any CPU
		{FDC7E14A-94E5-49BE-AAEE-7701560769CE}.Release|ARM.Build.0 = Release|Any CPU
		{FDC7E14A-94E5-49BE-AAEE-7701560769CE}.Release|ARM.Deploy.0 = Release|Any CPU
		{FDC7E14A-94E5-49BE-AAEE-7701560769CE}.Release|iPhone.ActiveCfg = Release|Any CPU
		{FDC7E14A-94E5-49BE-AAEE-7701560769CE}.Release|iPhone.Build.0 = Release|Any CPU
		{FDC7E14A-94E5-49BE-AAEE-7701560769CE}.Release|iPhone.Deploy.0 = Release|Any CPU
		{FDC7E14A-94E5-49BE-AAEE-7701560769CE}.Release|iPhoneSimulator.ActiveCfg = Release|Any CPU
		{FDC7E14A-94E5-49BE-AAEE-7701560769CE}.Release|iPhoneSimulator.Build.0 = Release|Any CPU
		{FDC7E14A-94E5-49BE-AAEE-7701560769CE}.Release|iPhoneSimulator.Deploy.0 = Release|Any CPU
		{FDC7E14A-94E5-49BE-AAEE-7701560769CE}.Release|x64.ActiveCfg = Release|Any CPU
		{FDC7E14A-94E5-49BE-AAEE-7701560769CE}.Release|x64.Build.0 = Release|Any CPU
		{FDC7E14A-94E5-49BE-AAEE-7701560769CE}.Release|x64.Deploy.0 = Release|Any CPU
		{FDC7E14A-94E5-49BE-AAEE-7701560769CE}.Release|x86.ActiveCfg = Release|Any CPU
		{FDC7E14A-94E5-49BE-AAEE-7701560769CE}.Release|x86.Build.0 = Release|Any CPU
		{FDC7E14A-94E5-49BE-AAEE-7701560769CE}.Release|x86.Deploy.0 = Release|Any CPU
		{23207279-6DC0-4838-B739-342B630B459C}.Ad-Hoc|Any CPU.ActiveCfg = Ad-Hoc|iPhone
		{23207279-6DC0-4838-B739-342B630B459C}.Ad-Hoc|ARM.ActiveCfg = Ad-Hoc|iPhone
		{23207279-6DC0-4838-B739-342B630B459C}.Ad-Hoc|iPhone.ActiveCfg = Ad-Hoc|iPhone
		{23207279-6DC0-4838-B739-342B630B459C}.Ad-Hoc|iPhone.Build.0 = Ad-Hoc|iPhone
		{23207279-6DC0-4838-B739-342B630B459C}.Ad-Hoc|iPhoneSimulator.ActiveCfg = Ad-Hoc|iPhoneSimulator
		{23207279-6DC0-4838-B739-342B630B459C}.Ad-Hoc|iPhoneSimulator.Build.0 = Ad-Hoc|iPhoneSimulator
		{23207279-6DC0-4838-B739-342B630B459C}.Ad-Hoc|x64.ActiveCfg = Ad-Hoc|iPhone
		{23207279-6DC0-4838-B739-342B630B459C}.Ad-Hoc|x86.ActiveCfg = Ad-Hoc|iPhone
		{23207279-6DC0-4838-B739-342B630B459C}.AppStore|Any CPU.ActiveCfg = AppStore|iPhone
		{23207279-6DC0-4838-B739-342B630B459C}.AppStore|ARM.ActiveCfg = AppStore|iPhone
		{23207279-6DC0-4838-B739-342B630B459C}.AppStore|iPhone.ActiveCfg = AppStore|iPhone
		{23207279-6DC0-4838-B739-342B630B459C}.AppStore|iPhone.Build.0 = AppStore|iPhone
		{23207279-6DC0-4838-B739-342B630B459C}.AppStore|iPhoneSimulator.ActiveCfg = AppStore|iPhoneSimulator
		{23207279-6DC0-4838-B739-342B630B459C}.AppStore|iPhoneSimulator.Build.0 = AppStore|iPhoneSimulator
		{23207279-6DC0-4838-B739-342B630B459C}.AppStore|x64.ActiveCfg = AppStore|iPhone
		{23207279-6DC0-4838-B739-342B630B459C}.AppStore|x86.ActiveCfg = AppStore|iPhone
		{23207279-6DC0-4838-B739-342B630B459C}.Debug|Any CPU.ActiveCfg = Debug|iPhone
		{23207279-6DC0-4838-B739-342B630B459C}.Debug|ARM.ActiveCfg = Debug|iPhone
		{23207279-6DC0-4838-B739-342B630B459C}.Debug|iPhone.ActiveCfg = Debug|iPhone
		{23207279-6DC0-4838-B739-342B630B459C}.Debug|iPhone.Build.0 = Debug|iPhone
		{23207279-6DC0-4838-B739-342B630B459C}.Debug|iPhoneSimulator.ActiveCfg = Debug|iPhoneSimulator
		{23207279-6DC0-4838-B739-342B630B459C}.Debug|iPhoneSimulator.Build.0 = Debug|iPhoneSimulator
		{23207279-6DC0-4838-B739-342B630B459C}.Debug|x64.ActiveCfg = Debug|iPhone
		{23207279-6DC0-4838-B739-342B630B459C}.Debug|x86.ActiveCfg = Debug|iPhone
		{23207279-6DC0-4838-B739-342B630B459C}.Release|Any CPU.ActiveCfg = Release|iPhone
		{23207279-6DC0-4838-B739-342B630B459C}.Release|ARM.ActiveCfg = Release|iPhone
		{23207279-6DC0-4838-B739-342B630B459C}.Release|iPhone.ActiveCfg = Release|iPhone
		{23207279-6DC0-4838-B739-342B630B459C}.Release|iPhone.Build.0 = Release|iPhone
		{23207279-6DC0-4838-B739-342B630B459C}.Release|iPhoneSimulator.ActiveCfg = Release|iPhoneSimulator
		{23207279-6DC0-4838-B739-342B630B459C}.Release|iPhoneSimulator.Build.0 = Release|iPhoneSimulator
		{23207279-6DC0-4838-B739-342B630B459C}.Release|x64.ActiveCfg = Release|iPhone
		{23207279-6DC0-4838-B739-342B630B459C}.Release|x86.ActiveCfg = Release|iPhone
		{7E3EFC00-3F89-4447-A1E7-63DC27485DF8}.Ad-Hoc|Any CPU.ActiveCfg = Release|x86
		{7E3EFC00-3F89-4447-A1E7-63DC27485DF8}.Ad-Hoc|Any CPU.Build.0 = Release|x86
		{7E3EFC00-3F89-4447-A1E7-63DC27485DF8}.Ad-Hoc|Any CPU.Deploy.0 = Release|x86
		{7E3EFC00-3F89-4447-A1E7-63DC27485DF8}.Ad-Hoc|ARM.ActiveCfg = Release|ARM
		{7E3EFC00-3F89-4447-A1E7-63DC27485DF8}.Ad-Hoc|ARM.Build.0 = Release|ARM
		{7E3EFC00-3F89-4447-A1E7-63DC27485DF8}.Ad-Hoc|ARM.Deploy.0 = Release|ARM
		{7E3EFC00-3F89-4447-A1E7-63DC27485DF8}.Ad-Hoc|iPhone.ActiveCfg = Release|x86
		{7E3EFC00-3F89-4447-A1E7-63DC27485DF8}.Ad-Hoc|iPhone.Build.0 = Release|x86
		{7E3EFC00-3F89-4447-A1E7-63DC27485DF8}.Ad-Hoc|iPhone.Deploy.0 = Release|x86
		{7E3EFC00-3F89-4447-A1E7-63DC27485DF8}.Ad-Hoc|iPhoneSimulator.ActiveCfg = Release|x86
		{7E3EFC00-3F89-4447-A1E7-63DC27485DF8}.Ad-Hoc|iPhoneSimulator.Build.0 = Release|x86
		{7E3EFC00-3F89-4447-A1E7-63DC27485DF8}.Ad-Hoc|iPhoneSimulator.Deploy.0 = Release|x86
		{7E3EFC00-3F89-4447-A1E7-63DC27485DF8}.Ad-Hoc|x64.ActiveCfg = Release|x64
		{7E3EFC00-3F89-4447-A1E7-63DC27485DF8}.Ad-Hoc|x64.Build.0 = Release|x64
		{7E3EFC00-3F89-4447-A1E7-63DC27485DF8}.Ad-Hoc|x64.Deploy.0 = Release|x64
		{7E3EFC00-3F89-4447-A1E7-63DC27485DF8}.Ad-Hoc|x86.ActiveCfg = Release|x86
		{7E3EFC00-3F89-4447-A1E7-63DC27485DF8}.Ad-Hoc|x86.Build.0 = Release|x86
		{7E3EFC00-3F89-4447-A1E7-63DC27485DF8}.Ad-Hoc|x86.Deploy.0 = Release|x86
		{7E3EFC00-3F89-4447-A1E7-63DC27485DF8}.AppStore|Any CPU.ActiveCfg = Release|x86
		{7E3EFC00-3F89-4447-A1E7-63DC27485DF8}.AppStore|Any CPU.Build.0 = Release|x86
		{7E3EFC00-3F89-4447-A1E7-63DC27485DF8}.AppStore|Any CPU.Deploy.0 = Release|x86
		{7E3EFC00-3F89-4447-A1E7-63DC27485DF8}.AppStore|ARM.ActiveCfg = Release|ARM
		{7E3EFC00-3F89-4447-A1E7-63DC27485DF8}.AppStore|ARM.Build.0 = Release|ARM
		{7E3EFC00-3F89-4447-A1E7-63DC27485DF8}.AppStore|ARM.Deploy.0 = Release|ARM
		{7E3EFC00-3F89-4447-A1E7-63DC27485DF8}.AppStore|iPhone.ActiveCfg = Release|x86
		{7E3EFC00-3F89-4447-A1E7-63DC27485DF8}.AppStore|iPhone.Build.0 = Release|x86
		{7E3EFC00-3F89-4447-A1E7-63DC27485DF8}.AppStore|iPhone.Deploy.0 = Release|x86
		{7E3EFC00-3F89-4447-A1E7-63DC27485DF8}.AppStore|iPhoneSimulator.ActiveCfg = Release|x86
		{7E3EFC00-3F89-4447-A1E7-63DC27485DF8}.AppStore|iPhoneSimulator.Build.0 = Release|x86
		{7E3EFC00-3F89-4447-A1E7-63DC27485DF8}.AppStore|iPhoneSimulator.Deploy.0 = Release|x86
		{7E3EFC00-3F89-4447-A1E7-63DC27485DF8}.AppStore|x64.ActiveCfg = Release|x64
		{7E3EFC00-3F89-4447-A1E7-63DC27485DF8}.AppStore|x64.Build.0 = Release|x64
		{7E3EFC00-3F89-4447-A1E7-63DC27485DF8}.AppStore|x64.Deploy.0 = Release|x64
		{7E3EFC00-3F89-4447-A1E7-63DC27485DF8}.AppStore|x86.ActiveCfg = Release|x86
		{7E3EFC00-3F89-4447-A1E7-63DC27485DF8}.AppStore|x86.Build.0 = Release|x86
		{7E3EFC00-3F89-4447-A1E7-63DC27485DF8}.AppStore|x86.Deploy.0 = Release|x86
		{7E3EFC00-3F89-4447-A1E7-63DC27485DF8}.Debug|Any CPU.ActiveCfg = Debug|x86
		{7E3EFC00-3F89-4447-A1E7-63DC27485DF8}.Debug|ARM.ActiveCfg = Debug|ARM
		{7E3EFC00-3F89-4447-A1E7-63DC27485DF8}.Debug|ARM.Build.0 = Debug|ARM
		{7E3EFC00-3F89-4447-A1E7-63DC27485DF8}.Debug|ARM.Deploy.0 = Debug|ARM
		{7E3EFC00-3F89-4447-A1E7-63DC27485DF8}.Debug|iPhone.ActiveCfg = Debug|x86
		{7E3EFC00-3F89-4447-A1E7-63DC27485DF8}.Debug|iPhoneSimulator.ActiveCfg = Debug|x86
		{7E3EFC00-3F89-4447-A1E7-63DC27485DF8}.Debug|x64.ActiveCfg = Debug|x64
		{7E3EFC00-3F89-4447-A1E7-63DC27485DF8}.Debug|x64.Build.0 = Debug|x64
		{7E3EFC00-3F89-4447-A1E7-63DC27485DF8}.Debug|x64.Deploy.0 = Debug|x64
		{7E3EFC00-3F89-4447-A1E7-63DC27485DF8}.Debug|x86.ActiveCfg = Debug|x86
		{7E3EFC00-3F89-4447-A1E7-63DC27485DF8}.Debug|x86.Build.0 = Debug|x86
		{7E3EFC00-3F89-4447-A1E7-63DC27485DF8}.Debug|x86.Deploy.0 = Debug|x86
		{7E3EFC00-3F89-4447-A1E7-63DC27485DF8}.Release|Any CPU.ActiveCfg = Release|x86
		{7E3EFC00-3F89-4447-A1E7-63DC27485DF8}.Release|ARM.ActiveCfg = Release|ARM
		{7E3EFC00-3F89-4447-A1E7-63DC27485DF8}.Release|ARM.Build.0 = Release|ARM
		{7E3EFC00-3F89-4447-A1E7-63DC27485DF8}.Release|ARM.Deploy.0 = Release|ARM
		{7E3EFC00-3F89-4447-A1E7-63DC27485DF8}.Release|iPhone.ActiveCfg = Release|x86
		{7E3EFC00-3F89-4447-A1E7-63DC27485DF8}.Release|iPhoneSimulator.ActiveCfg = Release|x86
		{7E3EFC00-3F89-4447-A1E7-63DC27485DF8}.Release|x64.ActiveCfg = Release|x64
		{7E3EFC00-3F89-4447-A1E7-63DC27485DF8}.Release|x64.Build.0 = Release|x64
		{7E3EFC00-3F89-4447-A1E7-63DC27485DF8}.Release|x64.Deploy.0 = Release|x64
		{7E3EFC00-3F89-4447-A1E7-63DC27485DF8}.Release|x86.ActiveCfg = Release|x86
		{7E3EFC00-3F89-4447-A1E7-63DC27485DF8}.Release|x86.Build.0 = Release|x86
		{7E3EFC00-3F89-4447-A1E7-63DC27485DF8}.Release|x86.Deploy.0 = Release|x86
		{E6571097-E7B4-4856-909A-9B6A0EEAB33E}.Ad-Hoc|Any CPU.ActiveCfg = Debug|Any CPU
		{E6571097-E7B4-4856-909A-9B6A0EEAB33E}.Ad-Hoc|Any CPU.Build.0 = Debug|Any CPU
		{E6571097-E7B4-4856-909A-9B6A0EEAB33E}.Ad-Hoc|ARM.ActiveCfg = Debug|Any CPU
		{E6571097-E7B4-4856-909A-9B6A0EEAB33E}.Ad-Hoc|ARM.Build.0 = Debug|Any CPU
		{E6571097-E7B4-4856-909A-9B6A0EEAB33E}.Ad-Hoc|iPhone.ActiveCfg = Debug|Any CPU
		{E6571097-E7B4-4856-909A-9B6A0EEAB33E}.Ad-Hoc|iPhone.Build.0 = Debug|Any CPU
		{E6571097-E7B4-4856-909A-9B6A0EEAB33E}.Ad-Hoc|iPhoneSimulator.ActiveCfg = Debug|Any CPU
		{E6571097-E7B4-4856-909A-9B6A0EEAB33E}.Ad-Hoc|iPhoneSimulator.Build.0 = Debug|Any CPU
		{E6571097-E7B4-4856-909A-9B6A0EEAB33E}.Ad-Hoc|x64.ActiveCfg = Debug|Any CPU
		{E6571097-E7B4-4856-909A-9B6A0EEAB33E}.Ad-Hoc|x64.Build.0 = Debug|Any CPU
		{E6571097-E7B4-4856-909A-9B6A0EEAB33E}.Ad-Hoc|x86.ActiveCfg = Debug|Any CPU
		{E6571097-E7B4-4856-909A-9B6A0EEAB33E}.Ad-Hoc|x86.Build.0 = Debug|Any CPU
		{E6571097-E7B4-4856-909A-9B6A0EEAB33E}.AppStore|Any CPU.ActiveCfg = Debug|Any CPU
		{E6571097-E7B4-4856-909A-9B6A0EEAB33E}.AppStore|Any CPU.Build.0 = Debug|Any CPU
		{E6571097-E7B4-4856-909A-9B6A0EEAB33E}.AppStore|ARM.ActiveCfg = Debug|Any CPU
		{E6571097-E7B4-4856-909A-9B6A0EEAB33E}.AppStore|ARM.Build.0 = Debug|Any CPU
		{E6571097-E7B4-4856-909A-9B6A0EEAB33E}.AppStore|iPhone.ActiveCfg = Debug|Any CPU
		{E6571097-E7B4-4856-909A-9B6A0EEAB33E}.AppStore|iPhone.Build.0 = Debug|Any CPU
		{E6571097-E7B4-4856-909A-9B6A0EEAB33E}.AppStore|iPhoneSimulator.ActiveCfg = Debug|Any CPU
		{E6571097-E7B4-4856-909A-9B6A0EEAB33E}.AppStore|iPhoneSimulator.Build.0 = Debug|Any CPU
		{E6571097-E7B4-4856-909A-9B6A0EEAB33E}.AppStore|x64.ActiveCfg = Debug|Any CPU
		{E6571097-E7B4-4856-909A-9B6A0EEAB33E}.AppStore|x64.Build.0 = Debug|Any CPU
		{E6571097-E7B4-4856-909A-9B6A0EEAB33E}.AppStore|x86.ActiveCfg = Debug|Any CPU
		{E6571097-E7B4-4856-909A-9B6A0EEAB33E}.AppStore|x86.Build.0 = Debug|Any CPU
		{E6571097-E7B4-4856-909A-9B6A0EEAB33E}.Debug|Any CPU.ActiveCfg = Debug|Any CPU
		{E6571097-E7B4-4856-909A-9B6A0EEAB33E}.Debug|Any CPU.Build.0 = Debug|Any CPU
		{E6571097-E7B4-4856-909A-9B6A0EEAB33E}.Debug|ARM.ActiveCfg = Debug|Any CPU
		{E6571097-E7B4-4856-909A-9B6A0EEAB33E}.Debug|ARM.Build.0 = Debug|Any CPU
		{E6571097-E7B4-4856-909A-9B6A0EEAB33E}.Debug|iPhone.ActiveCfg = Debug|Any CPU
		{E6571097-E7B4-4856-909A-9B6A0EEAB33E}.Debug|iPhone.Build.0 = Debug|Any CPU
		{E6571097-E7B4-4856-909A-9B6A0EEAB33E}.Debug|iPhoneSimulator.ActiveCfg = Debug|Any CPU
		{E6571097-E7B4-4856-909A-9B6A0EEAB33E}.Debug|iPhoneSimulator.Build.0 = Debug|Any CPU
		{E6571097-E7B4-4856-909A-9B6A0EEAB33E}.Debug|x64.ActiveCfg = Debug|Any CPU
		{E6571097-E7B4-4856-909A-9B6A0EEAB33E}.Debug|x64.Build.0 = Debug|Any CPU
		{E6571097-E7B4-4856-909A-9B6A0EEAB33E}.Debug|x86.ActiveCfg = Debug|Any CPU
		{E6571097-E7B4-4856-909A-9B6A0EEAB33E}.Debug|x86.Build.0 = Debug|Any CPU
		{E6571097-E7B4-4856-909A-9B6A0EEAB33E}.Release|Any CPU.ActiveCfg = Release|Any CPU
		{E6571097-E7B4-4856-909A-9B6A0EEAB33E}.Release|Any CPU.Build.0 = Release|Any CPU
		{E6571097-E7B4-4856-909A-9B6A0EEAB33E}.Release|ARM.ActiveCfg = Release|Any CPU
		{E6571097-E7B4-4856-909A-9B6A0EEAB33E}.Release|ARM.Build.0 = Release|Any CPU
		{E6571097-E7B4-4856-909A-9B6A0EEAB33E}.Release|iPhone.ActiveCfg = Release|Any CPU
		{E6571097-E7B4-4856-909A-9B6A0EEAB33E}.Release|iPhone.Build.0 = Release|Any CPU
		{E6571097-E7B4-4856-909A-9B6A0EEAB33E}.Release|iPhoneSimulator.ActiveCfg = Release|Any CPU
		{E6571097-E7B4-4856-909A-9B6A0EEAB33E}.Release|iPhoneSimulator.Build.0 = Release|Any CPU
		{E6571097-E7B4-4856-909A-9B6A0EEAB33E}.Release|x64.ActiveCfg = Release|Any CPU
		{E6571097-E7B4-4856-909A-9B6A0EEAB33E}.Release|x64.Build.0 = Release|Any CPU
		{E6571097-E7B4-4856-909A-9B6A0EEAB33E}.Release|x86.ActiveCfg = Release|Any CPU
		{E6571097-E7B4-4856-909A-9B6A0EEAB33E}.Release|x86.Build.0 = Release|Any CPU
	EndGlobalSection
	GlobalSection(SolutionProperties) = preSolution
		HideSolutionNode = FALSE
	EndGlobalSection
EndGlobal
